{
  "name": "app",
  "version": "1.0.0",
  "lockfileVersion": 1,
  "requires": true,
  "dependencies": {
    "@capacitor/filesystem": {
      "version": "5.1.1",
      "resolved": "https://registry.npmjs.org/@capacitor/filesystem/-/filesystem-5.1.1.tgz",
      "integrity": "sha512-wq55joyYocsYI0f0UNoDE9TPxI0n4fx+PmejGR5JOYFzrnU8DqcSJ9EREAYAkkoOrmQHrB1vuN9F79XC0PuADw=="
    }
  }
}
